
Microsoft Visual Studio Solution File, Format Version 12.00
# Visual Studio Version 17
VisualStudioVersion = 17.9.34728.123
MinimumVisualStudioVersion = 10.0.40219.1
Project("{FAE04EC0-301F-11D3-BF4B-00C04F79EFBC}") = "01_Builder.Before", "01_Builder.Before\01_Builder.Before.csproj", "{8E0F85E6-CB40-4CF0-BA39-04BD53AAE9D4}"
EndProject
Project("{FAE04EC0-301F-11D3-BF4B-00C04F79EFBC}") = "02_Builder.After", "02_Builder.After\02_Builder.After.csproj", "{6F410F00-34AC-45EA-AF1A-34E348877169}"
EndProject
Global
	GlobalSection(SolutionConfigurationPlatforms) = preSolution
		Debug|Any CPU = Debug|Any CPU
		Release|Any CPU = Release|Any CPU
	EndGlobalSection
	GlobalSection(ProjectConfigurationPlatforms) = postSolution
		{8E0F85E6-CB40-4CF0-BA39-04BD53AAE9D4}.Debug|Any CPU.ActiveCfg = Debug|Any CPU
		{8E0F85E6-CB40-4CF0-BA39-04BD53AAE9D4}.Debug|Any CPU.Build.0 = Debug|Any CPU
		{8E0F85E6-CB40-4CF0-BA39-04BD53AAE9D4}.Release|Any CPU.ActiveCfg = Release|Any CPU
		{8E0F85E6-CB40-4CF0-BA39-04BD53AAE9D4}.Release|Any CPU.Build.0 = Release|Any CPU
		{6F410F00-34AC-45EA-AF1A-34E348877169}.Debug|Any CPU.ActiveCfg = Debug|Any CPU
		{6F410F00-34AC-45EA-AF1A-34E348877169}.Debug|Any CPU.Build.0 = Debug|Any CPU
		{6F410F00-34AC-45EA-AF1A-34E348877169}.Release|Any CPU.ActiveCfg = Release|Any CPU
		{6F410F00-34AC-45EA-AF1A-34E348877169}.Release|Any CPU.Build.0 = Release|Any CPU
	EndGlobalSection
	GlobalSection(SolutionProperties) = preSolution
		HideSolutionNode = FALSE
	EndGlobalSection
	GlobalSection(ExtensibilityGlobals) = postSolution
		SolutionGuid = {EB319069-572D-4492-8688-E4A212AFC6DA}
	EndGlobalSection
EndGlobal
