
Microsoft Visual Studio Solution File, Format Version 12.00
# Visual Studio Version 17
VisualStudioVersion = 17.9.34728.123
MinimumVisualStudioVersion = 10.0.40219.1
Project("{FAE04EC0-301F-11D3-BF4B-00C04F79EFBC}") = "01_Strategy.Before", "01_Strategy.Before\01_Strategy.Before.csproj", "{ABD28AB4-14DF-4D42-9D4A-353965B6ED4B}"
EndProject
Project("{FAE04EC0-301F-11D3-BF4B-00C04F79EFBC}") = "02_Strategy.After", "02_Strategy.After\02_Strategy.After.csproj", "{80FB4E58-A291-4D0A-8AD8-58AAB26A9886}"
EndProject
Global
	GlobalSection(SolutionConfigurationPlatforms) = preSolution
		Debug|Any CPU = Debug|Any CPU
		Release|Any CPU = Release|Any CPU
	EndGlobalSection
	GlobalSection(ProjectConfigurationPlatforms) = postSolution
		{ABD28AB4-14DF-4D42-9D4A-353965B6ED4B}.Debug|Any CPU.ActiveCfg = Debug|Any CPU
		{ABD28AB4-14DF-4D42-9D4A-353965B6ED4B}.Debug|Any CPU.Build.0 = Debug|Any CPU
		{ABD28AB4-14DF-4D42-9D4A-353965B6ED4B}.Release|Any CPU.ActiveCfg = Release|Any CPU
		{ABD28AB4-14DF-4D42-9D4A-353965B6ED4B}.Release|Any CPU.Build.0 = Release|Any CPU
		{80FB4E58-A291-4D0A-8AD8-58AAB26A9886}.Debug|Any CPU.ActiveCfg = Debug|Any CPU
		{80FB4E58-A291-4D0A-8AD8-58AAB26A9886}.Debug|Any CPU.Build.0 = Debug|Any CPU
		{80FB4E58-A291-4D0A-8AD8-58AAB26A9886}.Release|Any CPU.ActiveCfg = Release|Any CPU
		{80FB4E58-A291-4D0A-8AD8-58AAB26A9886}.Release|Any CPU.Build.0 = Release|Any CPU
	EndGlobalSection
	GlobalSection(SolutionProperties) = preSolution
		HideSolutionNode = FALSE
	EndGlobalSection
	GlobalSection(ExtensibilityGlobals) = postSolution
		SolutionGuid = {E95723C3-C2FA-4290-BF33-F247A1F29E9B}
	EndGlobalSection
EndGlobal
